
Microsoft Visual Studio Solution File, Format Version 12.00
# Visual Studio Version 16
VisualStudioVersion = 16.0.29920.165
MinimumVisualStudioVersion = 10.0.40219.1
Project("{FAE04EC0-301F-11D3-BF4B-00C04F79EFBC}") = "AzureTf.BuilderActor", "AzureTf.BuilderActor\AzureTf.BuilderActor.csproj", "{6A2C0049-E976-4B0F-B668-F68EA5D8BCEB}"
EndProject
Global
	GlobalSection(SolutionConfigurationPlatforms) = preSolution
		Debug|Any CPU = Debug|Any CPU
		Release|Any CPU = Release|Any CPU
	EndGlobalSection
	GlobalSection(ProjectConfigurationPlatforms) = postSolution
		{6A2C0049-E976-4B0F-B668-F68EA5D8BCEB}.Debug|Any CPU.ActiveCfg = Debug|Any CPU
		{6A2C0049-E976-4B0F-B668-F68EA5D8BCEB}.Debug|Any CPU.Build.0 = Debug|Any CPU
		{6A2C0049-E976-4B0F-B668-F68EA5D8BCEB}.Release|Any CPU.ActiveCfg = Release|Any CPU
		{6A2C0049-E976-4B0F-B668-F68EA5D8BCEB}.Release|Any CPU.Build.0 = Release|Any CPU
	EndGlobalSection
	GlobalSection(SolutionProperties) = preSolution
		HideSolutionNode = FALSE
	EndGlobalSection
	GlobalSection(ExtensibilityGlobals) = postSolution
		SolutionGuid = {B917C7DB-39BB-4C98-80A8-1F32E4212B5F}
	EndGlobalSection
EndGlobal
